
Microsoft Visual Studio Solution File, Format Version 12.00
# Visual Studio Version 17
VisualStudioVersion = 17.10.35004.147
MinimumVisualStudioVersion = 10.0.40219.1
Project("{FAE04EC0-301F-11D3-BF4B-00C04F79EFBC}") = "PassWordsCriator.API", "PassWordsCriator.API\PassWordsCriator.API.csproj", "{561BE545-A3FB-48C8-BCF3-3D94866B0222}"
EndProject
Project("{2150E333-8FDC-42A3-9474-1A3956D46DE8}") = "API", "API", "{5D0B280B-909B-46BB-B4CE-D2CAB396C3A4}"
EndProject
Project("{FAE04EC0-301F-11D3-BF4B-00C04F79EFBC}") = "PassWordsCriator.Test", "PassWordsCriator.TEST\PassWordsCriator.Test\PassWordsCriator.Test.csproj", "{3FB46317-D381-4E14-9DFD-4AB41EBE35A2}"
EndProject
Project("{2150E333-8FDC-42A3-9474-1A3956D46DE8}") = "TEST", "TEST", "{F6B158BA-DF48-4BC5-91B8-134EE255B01D}"
EndProject
Global
	GlobalSection(SolutionConfigurationPlatforms) = preSolution
		Debug|Any CPU = Debug|Any CPU
		Release|Any CPU = Release|Any CPU
	EndGlobalSection
	GlobalSection(ProjectConfigurationPlatforms) = postSolution
		{561BE545-A3FB-48C8-BCF3-3D94866B0222}.Debug|Any CPU.ActiveCfg = Debug|Any CPU
		{561BE545-A3FB-48C8-BCF3-3D94866B0222}.Debug|Any CPU.Build.0 = Debug|Any CPU
		{561BE545-A3FB-48C8-BCF3-3D94866B0222}.Release|Any CPU.ActiveCfg = Release|Any CPU
		{561BE545-A3FB-48C8-BCF3-3D94866B0222}.Release|Any CPU.Build.0 = Release|Any CPU
		{3FB46317-D381-4E14-9DFD-4AB41EBE35A2}.Debug|Any CPU.ActiveCfg = Debug|Any CPU
		{3FB46317-D381-4E14-9DFD-4AB41EBE35A2}.Debug|Any CPU.Build.0 = Debug|Any CPU
		{3FB46317-D381-4E14-9DFD-4AB41EBE35A2}.Release|Any CPU.ActiveCfg = Release|Any CPU
		{3FB46317-D381-4E14-9DFD-4AB41EBE35A2}.Release|Any CPU.Build.0 = Release|Any CPU
	EndGlobalSection
	GlobalSection(SolutionProperties) = preSolution
		HideSolutionNode = FALSE
	EndGlobalSection
	GlobalSection(NestedProjects) = preSolution
		{561BE545-A3FB-48C8-BCF3-3D94866B0222} = {5D0B280B-909B-46BB-B4CE-D2CAB396C3A4}
		{3FB46317-D381-4E14-9DFD-4AB41EBE35A2} = {F6B158BA-DF48-4BC5-91B8-134EE255B01D}
	EndGlobalSection
	GlobalSection(ExtensibilityGlobals) = postSolution
		SolutionGuid = {6FC65941-0250-4C16-B4C2-8620C72F299B}
	EndGlobalSection
EndGlobal
